
Microsoft Visual Studio Solution File, Format Version 10.00
# Visual C# Express 2008
Project("{FAE04EC0-301F-11D3-BF4B-00C04F79EFBC}") = "VokabelTrainer", "VokabelTrainer\VokabelTrainer.csproj", "{886461F7-FFAE-456F-860E-BD8D9F62714B}"
EndProject
Global
	GlobalSection(SolutionConfigurationPlatforms) = preSolution
		Debug|Any CPU = Debug|Any CPU
		Release|Any CPU = Release|Any CPU
	EndGlobalSection
	GlobalSection(ProjectConfigurationPlatforms) = postSolution
		{886461F7-FFAE-456F-860E-BD8D9F62714B}.Debug|Any CPU.ActiveCfg = Debug|Any CPU
		{886461F7-FFAE-456F-860E-BD8D9F62714B}.Debug|Any CPU.Build.0 = Debug|Any CPU
		{886461F7-FFAE-456F-860E-BD8D9F62714B}.Release|Any CPU.ActiveCfg = Release|Any CPU
		{886461F7-FFAE-456F-860E-BD8D9F62714B}.Release|Any CPU.Build.0 = Release|Any CPU
	EndGlobalSection
	GlobalSection(SolutionProperties) = preSolution
		HideSolutionNode = FALSE
	EndGlobalSection
EndGlobal
